{
  "requires": true,
  "lockfileVersion": 1,
  "dependencies": {
    "jquery": {
      "version": "3.4.1",
      "resolved": "https://registry.npmjs.org/jquery/-/jquery-3.4.1.tgz",
      "integrity": "sha512-36+AdBzCL+y6qjw5Tx7HgzeGCzC81MDDgaUP8ld2zhx58HdqXGoBd+tHdrBMiyjGQs0Hxs/MLZTu/eHNJJuWPw=="
    },
    "parallax-imagescroll": {
      "version": "0.2.3",
      "resolved": "https://registry.npmjs.org/parallax-imagescroll/-/parallax-imagescroll-0.2.3.tgz",
      "integrity": "sha1-gUatP4NUne9o6DqNw+ws9qhAHtE=",
      "requires": {
        "jquery": ">=1.8.0"
      }
    }
  }
}
